
Microsoft Visual Studio Solution File, Format Version 12.00
# Visual Studio Version 16
VisualStudioVersion = 16.0.30907.101
MinimumVisualStudioVersion = 10.0.40219.1
Project("{FAE04EC0-301F-11D3-BF4B-00C04F79EFBC}") = "TrackingApp", "TrackingApp\TrackingApp.csproj", "{3E38DBDC-7410-4AD6-86BE-A970D93B4C8F}"
EndProject
Global
	GlobalSection(SolutionConfigurationPlatforms) = preSolution
		Debug|Any CPU = Debug|Any CPU
		Release|Any CPU = Release|Any CPU
	EndGlobalSection
	GlobalSection(ProjectConfigurationPlatforms) = postSolution
		{3E38DBDC-7410-4AD6-86BE-A970D93B4C8F}.Debug|Any CPU.ActiveCfg = Debug|Any CPU
		{3E38DBDC-7410-4AD6-86BE-A970D93B4C8F}.Debug|Any CPU.Build.0 = Debug|Any CPU
		{3E38DBDC-7410-4AD6-86BE-A970D93B4C8F}.Release|Any CPU.ActiveCfg = Release|Any CPU
		{3E38DBDC-7410-4AD6-86BE-A970D93B4C8F}.Release|Any CPU.Build.0 = Release|Any CPU
	EndGlobalSection
	GlobalSection(SolutionProperties) = preSolution
		HideSolutionNode = FALSE
	EndGlobalSection
	GlobalSection(ExtensibilityGlobals) = postSolution
		SolutionGuid = {4C8BDEAE-8585-48D7-9991-FA51ADFB74CD}
	EndGlobalSection
EndGlobal
